{"1.1.0",
[{<<"accept">>,{pkg,<<"accept">>,<<"0.3.0">>},0},
 {<<"prometheus">>,{pkg,<<"prometheus">>,<<"3.1.1">>},0}]}.
[
{pkg_hash,[
 {<<"accept">>, <<"2505B60BCB992CA79BD03AB7B8FEC8A520A47D9730F286DF1A479CC98B03F94B">>},
 {<<"prometheus">>, <<"B35148CC9228511E8C6E9E96721FB967E4BE38E7703DBD8A6FB26B10FF85CC05">>}]}
].
